
Microsoft Visual Studio Solution File, Format Version 12.00
# Visual Studio Version 17
VisualStudioVersion = 17.4.33122.133
MinimumVisualStudioVersion = 10.0.40219.1
Project("{9A19103F-16F7-4668-BE54-9A1E7A4F7556}") = "usmeni", "usmeni\usmeni.csproj", "{61BA9AE8-F34A-4BB0-94E1-ADBEA487402E}"
EndProject
Global
	GlobalSection(SolutionConfigurationPlatforms) = preSolution
		Debug|Any CPU = Debug|Any CPU
		Release|Any CPU = Release|Any CPU
	EndGlobalSection
	GlobalSection(ProjectConfigurationPlatforms) = postSolution
		{61BA9AE8-F34A-4BB0-94E1-ADBEA487402E}.Debug|Any CPU.ActiveCfg = Debug|Any CPU
		{61BA9AE8-F34A-4BB0-94E1-ADBEA487402E}.Debug|Any CPU.Build.0 = Debug|Any CPU
		{61BA9AE8-F34A-4BB0-94E1-ADBEA487402E}.Release|Any CPU.ActiveCfg = Release|Any CPU
		{61BA9AE8-F34A-4BB0-94E1-ADBEA487402E}.Release|Any CPU.Build.0 = Release|Any CPU
	EndGlobalSection
	GlobalSection(SolutionProperties) = preSolution
		HideSolutionNode = FALSE
	EndGlobalSection
	GlobalSection(ExtensibilityGlobals) = postSolution
		SolutionGuid = {86FA8F20-E016-4F2A-9F42-A3A247BF0D95}
	EndGlobalSection
EndGlobal
